schema: '2.0'
stages:
  data_ingestion_and_preprocessing:
    cmd: python -m src.data.data_ingestion_and_preprocessing
    deps:
    - path: src/data/data_ingestion_and_preprocessing.py
      hash: md5
      md5: 50f7ae8676342808e8c44d4aa93d27ed
      size: 5091
    params:
      params.yaml:
        data_ingestion.data_path: src/IMDB Dataset.csv
        data_ingestion.test_size: 0.2
    outs:
    - path: data/processed
      hash: md5
      md5: 5fa87b00604086d440ef39f5d4d61692.dir
      size: 110298792
      nfiles: 2
    - path: data/raw
      hash: md5
      md5: 8244fc760f52fd595ce0116359dbd9fc.dir
      size: 66262328
      nfiles: 2
  model_training:
    cmd: python -m src.model.model_building
    deps:
    - path: data/processed/preprocessed_train.csv
      hash: md5
      md5: 4761be26273b6c085b48132d97ff12bf
      size: 88093135
    - path: src/model/model_building.py
      hash: md5
      md5: a5fa8cc0da3967b7e67c1eb4ec1902ac
      size: 5598
    params:
      params.yaml:
        model_building.learning_rate: 0.09
        model_building.max_depth: 20
        model_building.max_features: 1000
        model_building.n_estimators: 367
        model_building.ngram_range:
        - 1
        - 3
    outs:
    - path: saved_model/lgbm_model.pkl
      hash: md5
      md5: 9d636748a6449975d01b8a13f06dffbf
      size: 1349646
    - path: saved_model/tfidf_vectorizer.pkl
      hash: md5
      md5: 1f4f459e97d54e90b57539495f08031a
      size: 36501
  model_evaluation:
    cmd: python -m src.model.model_evaluation
    deps:
    - path: data/processed/preprocessed_test.csv
      hash: md5
      md5: 8021c45f84441f03b624e5ba9e5ad9aa
      size: 22205657
    - path: saved_model/lgbm_model.pkl
      hash: md5
      md5: 9d636748a6449975d01b8a13f06dffbf
      size: 1349646
    - path: saved_model/tfidf_vectorizer.pkl
      hash: md5
      md5: 1f4f459e97d54e90b57539495f08031a
      size: 36501
    - path: src/model/model_evaluation.py
      hash: md5
      md5: e16f587a061a390d68dbdbeae7001624
      size: 8018
    params:
      params.yaml:
        model_evaluation.test_data_path: data/processed/preprocessed_test.csv
    outs:
    - path: experiment_model_info.json
      hash: md5
      md5: 2fd16f291b02cdf9f2df81f7086d37ca
      size: 82
  model_registration:
    cmd: python -m src.model.model_register
    deps:
    - path: experiment_model_info.json
      hash: md5
      md5: 2fd16f291b02cdf9f2df81f7086d37ca
      size: 82
    - path: src/model/model_register.py
      hash: md5
      md5: 9bda63cb9f056e8054993708c2a811dc
      size: 2666
